
Microsoft Visual Studio Solution File, Format Version 12.00
# Visual Studio Version 17
VisualStudioVersion = 17.13.35617.110 d17.13
MinimumVisualStudioVersion = 10.0.40219.1
Project("{FAE04EC0-301F-11D3-BF4B-00C04F79EFBC}") = "POC.ResultsPattern", "POC.ResultsPattern\POC.ResultsPattern.csproj", "{5670F2A4-7012-772A-0601-7167B3B77B3D}"
EndProject
Project("{FAE04EC0-301F-11D3-BF4B-00C04F79EFBC}") = "POCS.AppHost", "POCS.AppHost\POCS.AppHost.csproj", "{FF589F71-AF5B-4522-97AB-BE5A56316311}"
EndProject
Project("{FAE04EC0-301F-11D3-BF4B-00C04F79EFBC}") = "POCS.ServiceDefaults", "POCS.ServiceDefaults\POCS.ServiceDefaults.csproj", "{94F29C3A-1DA5-111C-DFA1-A83AE33C6392}"
EndProject
Global
	GlobalSection(SolutionConfigurationPlatforms) = preSolution
		Debug|Any CPU = Debug|Any CPU
		Release|Any CPU = Release|Any CPU
	EndGlobalSection
	GlobalSection(ProjectConfigurationPlatforms) = postSolution
		{5670F2A4-7012-772A-0601-7167B3B77B3D}.Debug|Any CPU.ActiveCfg = Debug|Any CPU
		{5670F2A4-7012-772A-0601-7167B3B77B3D}.Debug|Any CPU.Build.0 = Debug|Any CPU
		{5670F2A4-7012-772A-0601-7167B3B77B3D}.Release|Any CPU.ActiveCfg = Release|Any CPU
		{5670F2A4-7012-772A-0601-7167B3B77B3D}.Release|Any CPU.Build.0 = Release|Any CPU
		{FF589F71-AF5B-4522-97AB-BE5A56316311}.Debug|Any CPU.ActiveCfg = Debug|Any CPU
		{FF589F71-AF5B-4522-97AB-BE5A56316311}.Debug|Any CPU.Build.0 = Debug|Any CPU
		{FF589F71-AF5B-4522-97AB-BE5A56316311}.Release|Any CPU.ActiveCfg = Release|Any CPU
		{FF589F71-AF5B-4522-97AB-BE5A56316311}.Release|Any CPU.Build.0 = Release|Any CPU
		{94F29C3A-1DA5-111C-DFA1-A83AE33C6392}.Debug|Any CPU.ActiveCfg = Debug|Any CPU
		{94F29C3A-1DA5-111C-DFA1-A83AE33C6392}.Debug|Any CPU.Build.0 = Debug|Any CPU
		{94F29C3A-1DA5-111C-DFA1-A83AE33C6392}.Release|Any CPU.ActiveCfg = Release|Any CPU
		{94F29C3A-1DA5-111C-DFA1-A83AE33C6392}.Release|Any CPU.Build.0 = Release|Any CPU
	EndGlobalSection
	GlobalSection(SolutionProperties) = preSolution
		HideSolutionNode = FALSE
	EndGlobalSection
	GlobalSection(ExtensibilityGlobals) = postSolution
		SolutionGuid = {A1D084AB-9C42-4180-A6A2-580C1C9C7CBC}
	EndGlobalSection
EndGlobal
